# This file is automatically @generated by Cargo.
# It is not intended for manual editing.
version = 4

[[package]]
name = "proc-macro2"
version = "1.0.103"
source = "registry+https://github.com/rust-lang/crates.io-index"
checksum = "5ee95bc4ef87b8d5ba32e8b7714ccc834865276eab0aed5c9958d00ec45f49e8"
dependencies = [
 "unicode-ident",
]

[[package]]
name = "quote"
version = "1.0.42"
source = "registry+https://github.com/rust-lang/crates.io-index"
checksum = "a338cc41d27e6cc6dce6cefc13a0729dfbb81c262b1f519331575dd80ef3067f"
dependencies = [
 "proc-macro2",
]

[[package]]
name = "quote2"
version = "0.9.0"
source = "registry+https://github.com/rust-lang/crates.io-index"
checksum = "c61aa775e928368b9a33bcac44f47f4132f30b0b6a17eb15c0873fc8af899211"
dependencies = [
 "proc-macro2",
 "quote",
 "quote2-macros",
]

[[package]]
name = "quote2-macros"
version = "0.9.0"
source = "registry+https://github.com/rust-lang/crates.io-index"
checksum = "c6ceeba20cfeffd4e0f7dd03ef72e55d115be2927b97424249a02fed0e86647a"

[[package]]
name = "syn"
version = "2.0.111"
source = "registry+https://github.com/rust-lang/crates.io-index"
checksum = "390cc9a294ab71bdb1aa2e99d13be9c753cd2d7bd6560c77118597410c4d2e87"
dependencies = [
 "proc-macro2",
 "quote",
 "unicode-ident",
]

[[package]]
name = "unicode-ident"
version = "1.0.22"
source = "registry+https://github.com/rust-lang/crates.io-index"
checksum = "9312f7c4f6ff9069b165498234ce8be658059c6728633667c526e27dc2cf1df5"

[[package]]
name = "validex"
version = "0.1.0"
dependencies = [
 "validex-macros",
]

[[package]]
name = "validex-macros"
version = "0.1.0"
dependencies = [
 "quote2",
 "syn",
]
